
Microsoft Visual Studio Solution File, Format Version 12.00
# Visual Studio 15
VisualStudioVersion = 15.0.27703.2042
MinimumVisualStudioVersion = 10.0.40219.1
Project("{FAE04EC0-301F-11D3-BF4B-00C04F79EFBC}") = "StrongestLink", "StrongestLink\StrongestLink.csproj", "{0FD2B2F4-8CA2-4A26-887F-EBFB58483F88}"
EndProject
Project("{FAE04EC0-301F-11D3-BF4B-00C04F79EFBC}") = "windows", "windows\windows.csproj", "{783287CB-B9A2-4147-A453-15EEC9F7900D}"
EndProject
Global
	GlobalSection(SolutionConfigurationPlatforms) = preSolution
		Debug|Any CPU = Debug|Any CPU
		Release|Any CPU = Release|Any CPU
	EndGlobalSection
	GlobalSection(ProjectConfigurationPlatforms) = postSolution
		{0FD2B2F4-8CA2-4A26-887F-EBFB58483F88}.Debug|Any CPU.ActiveCfg = Debug|Any CPU
		{0FD2B2F4-8CA2-4A26-887F-EBFB58483F88}.Debug|Any CPU.Build.0 = Debug|Any CPU
		{0FD2B2F4-8CA2-4A26-887F-EBFB58483F88}.Release|Any CPU.ActiveCfg = Release|Any CPU
		{0FD2B2F4-8CA2-4A26-887F-EBFB58483F88}.Release|Any CPU.Build.0 = Release|Any CPU
		{783287CB-B9A2-4147-A453-15EEC9F7900D}.Debug|Any CPU.ActiveCfg = Debug|Any CPU
		{783287CB-B9A2-4147-A453-15EEC9F7900D}.Debug|Any CPU.Build.0 = Debug|Any CPU
		{783287CB-B9A2-4147-A453-15EEC9F7900D}.Release|Any CPU.ActiveCfg = Release|Any CPU
		{783287CB-B9A2-4147-A453-15EEC9F7900D}.Release|Any CPU.Build.0 = Release|Any CPU
	EndGlobalSection
	GlobalSection(SolutionProperties) = preSolution
		HideSolutionNode = FALSE
	EndGlobalSection
	GlobalSection(ExtensibilityGlobals) = postSolution
		SolutionGuid = {FAC1A958-A3FC-42BF-95BF-1BC1111BA39A}
	EndGlobalSection
EndGlobal
